// !$*UTF8*$!
{
	archiveVersion = 1;
	classes = {
	};
	objectVersion = 46;
	objects = {

/* Begin PBXBuildFile section */
		BE45D83A1F25BBAD00A4A802 /* main.m in Sources */ = {isa = PBXBuildFile; fileRef = BE45D8391F25BBAD00A4A802 /* main.m */; };
		BE45D83D1F25BBAD00A4A802 /* AppDelegate.m in Sources */ = {isa = PBXBuildFile; fileRef = BE45D83C1F25BBAD00A4A802 /* AppDelegate.m */; };
		BE45D8401F25BBAD00A4A802 /* ViewController.m in Sources */ = {isa = PBXBuildFile; fileRef = BE45D83F1F25BBAD00A4A802 /* ViewController.m */; };
		BE45D8431F25BBAD00A4A802 /* Main.storyboard in Resources */ = {isa = PBXBuildFile; fileRef = BE45D8411F25BBAD00A4A802 /* Main.storyboard */; };
		BE45D8451F25BBAD00A4A802 /* Assets.xcassets in Resources */ = {isa = PBXBuildFile; fileRef = BE45D8441F25BBAD00A4A802 /* Assets.xcassets */; };
		BE45D8481F25BBAD00A4A802 /* LaunchScreen.storyboard in Resources */ = {isa = PBXBuildFile; fileRef = BE45D8461F25BBAD00A4A802 /* LaunchScreen.storyboard */; };
/* End PBXBuildFile section */

/* Begin PBXFileReference section */
		BE45D8351F25BBAD00A4A802 /* demoPch.app */ = {isa = PBXFileReference; explicitFileType = wrapper.application; includeInIndex = 0; path = demoPch.app; sourceTree = BUILT_PRODUCTS_DIR; };
		BE45D8391F25BBAD00A4A802 /* main.m */ = {isa = PBXFileReference; lastKnownFileType = sourcecode.c.objc; path = main.m; sourceTree = "<group>"; };
		BE45D83B1F25BBAD00A4A802 /* AppDelegate.h */ = {isa = PBXFileReference; lastKnownFileType = sourcecode.c.h; path = AppDelegate.h; sourceTree = "<group>"; };
		BE45D83C1F25BBAD00A4A802 /* AppDelegate.m */ = {isa = PBXFileReference; lastKnownFileType = sourcecode.c.objc; path = AppDelegate.m; sourceTree = "<group>"; };
		BE45D83E1F25BBAD00A4A802 /* ViewController.h */ = {isa = PBXFileReference; lastKnownFileType = sourcecode.c.h; path = ViewController.h; sourceTree = "<group>"; };
		BE45D83F1F25BBAD00A4A802 /* ViewController.m */ = {isa = PBXFileReference; lastKnownFileType = sourcecode.c.objc; path = ViewController.m; sourceTree = "<group>"; };
		BE45D8421F25BBAD00A4A802 /* Base */ = {isa = PBXFileReference; lastKnownFileType = file.storyboard; name = Base; path = Base.lproj/Main.storyboard; sourceTree = "<group>"; };
		BE45D8441F25BBAD00A4A802 /* Assets.xcassets */ = {isa = PBXFileReference; lastKnownFileType = folder.assetcatalog; path = Assets.xcassets; sourceTree = "<group>"; };
		BE45D8471F25BBAD00A4A802 /* Base */ = {isa = PBXFileReference; lastKnownFileType = file.storyboard; name = Base; path = Base.lproj/LaunchScreen.storyboard; sourceTree = "<group>"; };
		BE45D8491F25BBAD00A4A802 /* Info.plist */ = {isa = PBXFileReference; lastKnownFileType = text.plist.xml; path = Info.plist; sourceTree = "<group>"; };
		BE45D8501F25BE1000A4A802 /* PrefixHeader.pch */ = {isa = PBXFileReference; fileEncoding = 4; lastKnownFileType = sourcecode.c.h; path = PrefixHeader.pch; sourceTree = "<group>"; };
		BE45D8511F25BE2200A4A802 /* Config.h */ = {isa = PBXFileReference; lastKnownFileType = sourcecode.c.h; path = Config.h; sourceTree = "<group>"; };
/* End PBXFileReference section */

/* Begin PBXFrameworksBuildPhase section */
		BE45D8321F25BBAD00A4A802 /* Frameworks */ = {
			isa = PBXFrameworksBuildPhase;
			buildActionMask = 2147483647;
			files = (
			);
			runOnlyForDeploymentPostprocessing = 0;
		};
/* End PBXFrameworksBuildPhase section */

/* Begin PBXGroup section */
		BE45D82C1F25BBAD00A4A802 = {
			isa = PBXGroup;
			children = (
				BE45D8371F25BBAD00A4A802 /* demoPch */,
				BE45D8361F25BBAD00A4A802 /* Products */,
			);
			sourceTree = "<group>";
		};
		BE45D8361F25BBAD00A4A802 /* Products */ = {
			isa = PBXGroup;
			children = (
				BE45D8351F25BBAD00A4A802 /* demoPch.app */,
			);
			name = Products;
			sourceTree = "<group>";
		};
		BE45D8371F25BBAD00A4A802 /* demoPch */ = {
			isa = PBXGroup;
			children = (
				BE45D8501F25BE1000A4A802 /* PrefixHeader.pch */,
				BE45D8511F25BE2200A4A802 /* Config.h */,
				BE45D83B1F25BBAD00A4A802 /* AppDelegate.h */,
				BE45D83C1F25BBAD00A4A802 /* AppDelegate.m */,
				BE45D83E1F25BBAD00A4A802 /* ViewController.h */,
				BE45D83F1F25BBAD00A4A802 /* ViewController.m */,
				BE45D8411F25BBAD00A4A802 /* Main.storyboard */,
				BE45D8441F25BBAD00A4A802 /* Assets.xcassets */,
				BE45D8461F25BBAD00A4A802 /* LaunchScreen.storyboard */,
				BE45D8491F25BBAD00A4A802 /* Info.plist */,
				BE45D8381F25BBAD00A4A802 /* Supporting Files */,
			);
			path = demoPch;
			sourceTree = "<group>";
		};
		BE45D8381F25BBAD00A4A802 /* Supporting Files */ = {
			isa = PBXGroup;
			children = (
				BE45D8391F25BBAD00A4A802 /* main.m */,
			);
			name = "Supporting Files";
			sourceTree = "<group>";
		};
/* End PBXGroup section */

/* Begin PBXNativeTarget section */
		BE45D8341F25BBAD00A4A802 /* demoPch */ = {
			isa = PBXNativeTarget;
			buildConfigurationList = BE45D84C1F25BBAD00A4A802 /* Build configuration list for PBXNativeTarget "demoPch" */;
			buildPhases = (
				BE45D8311F25BBAD00A4A802 /* Sources */,
				BE45D8321F25BBAD00A4A802 /* Frameworks */,
				BE45D8331F25BBAD00A4A802 /* Resources */,
			);
			buildRules = (
			);
			dependencies = (
			);
			name = demoPch;
			productName = demoPch;
			productReference = BE45D8351F25BBAD00A4A802 /* demoPch.app */;
			productType = "com.apple.product-type.application";
		};
/* End PBXNativeTarget section */

/* Begin PBXProject section */
		BE45D82D1F25BBAD00A4A802 /* Project object */ = {
			isa = PBXProject;
			attributes = {
				LastUpgradeCheck = 0830;
				ORGANIZATIONNAME = chx;
				TargetAttributes = {
					BE45D8341F25BBAD00A4A802 = {
						CreatedOnToolsVersion = 8.3.3;
						DevelopmentTeam = 9G348MY82U;
						ProvisioningStyle = Automatic;
					};
				};
			};
			buildConfigurationList = BE45D8301F25BBAD00A4A802 /* Build configuration list for PBXProject "demoPch" */;
			compatibilityVersion = "Xcode 3.2";
			developmentRegion = English;
			hasScannedForEncodings = 0;
			knownRegions = (
				en,
				Base,
			);
			mainGroup = BE45D82C1F25BBAD00A4A802;
			productRefGroup = BE45D8361F25BBAD00A4A802 /* Products */;
			projectDirPath = "";
			projectRoot = "";
			targets = (
				BE45D8341F25BBAD00A4A802 /* demoPch */,
			);
		};
/* End PBXProject section */

/* Begin PBXResourcesBuildPhase section */
		BE45D8331F25BBAD00A4A802 /* Resources */ = {
			isa = PBXResourcesBuildPhase;
			buildActionMask = 2147483647;
			files = (
				BE45D8481F25BBAD00A4A802 /* LaunchScreen.storyboard in Resources */,
				BE45D8451F25BBAD00A4A802 /* Assets.xcassets in Resources */,
				BE45D8431F25BBAD00A4A802 /* Main.storyboard in Resources */,
			);
			runOnlyForDeploymentPostprocessing = 0;
		};
/* End PBXResourcesBuildPhase section */

/* Begin PBXSourcesBuildPhase section */
		BE45D8311F25BBAD00A4A802 /* Sources */ = {
			isa = PBXSourcesBuildPhase;
			buildActionMask = 2147483647;
			files = (
				BE45D8401F25BBAD00A4A802 /* ViewController.m in Sources */,
				BE45D83D1F25BBAD00A4A802 /* AppDelegate.m in Sources */,
				BE45D83A1F25BBAD00A4A802 /* main.m in Sources */,
			);
			runOnlyForDeploymentPostprocessing = 0;
		};
/* End PBXSourcesBuildPhase section */

/* Begin PBXVariantGroup section */
		BE45D8411F25BBAD00A4A802 /* Main.storyboard */ = {
			isa = PBXVariantGroup;
			children = (
				BE45D8421F25BBAD00A4A802 /* Base */,
			);
			name = Main.storyboard;
			sourceTree = "<group>";
		};
		BE45D8461F25BBAD00A4A802 /* LaunchScreen.storyboard */ = {
			isa = PBXVariantGroup;
			children = (
				BE45D8471F25BBAD00A4A802 /* Base */,
			);
			name = LaunchScreen.storyboard;
			sourceTree = "<group>";
		};
/* End PBXVariantGroup section */

/* Begin XCBuildConfiguration section */
		BE45D84A1F25BBAD00A4A802 /* Debug */ = {
			isa = XCBuildConfiguration;
			buildSettings = {
				ALWAYS_SEARCH_USER_PATHS = NO;
				CLANG_ANALYZER_NONNULL = YES;
				CLANG_ANALYZER_NUMBER_OBJECT_CONVERSION = YES_AGGRESSIVE;
				CLANG_CXX_LANGUAGE_STANDARD = "gnu++0x";
				CLANG_CXX_LIBRARY = "libc++";
				CLANG_ENABLE_MODULES = YES;
				CLANG_ENABLE_OBJC_ARC = YES;
				CLANG_WARN_BOOL_CONVERSION = YES;
				CLANG_WARN_CONSTANT_CONVERSION = YES;
				CLANG_WARN_DIRECT_OBJC_ISA_USAGE = YES_ERROR;
				CLANG_WARN_DOCUMENTATION_COMMENTS = YES;
				CLANG_WARN_EMPTY_BODY = YES;
				CLANG_WARN_ENUM_CONVERSION = YES;
				CLANG_WARN_INFINITE_RECURSION = YES;
				CLANG_WARN_INT_CONVERSION = YES;
				CLANG_WARN_OBJC_ROOT_CLASS = YES_ERROR;
				CLANG_WARN_SUSPICIOUS_MOVE = YES;
				CLANG_WARN_UNREACHABLE_CODE = YES;
				CLANG_WARN__DUPLICATE_METHOD_MATCH = YES;
				"CODE_SIGN_IDENTITY[sdk=iphoneos*]" = "iPhone Developer";
				COPY_PHASE_STRIP = NO;
				DEBUG_INFORMATION_FORMAT = dwarf;
				ENABLE_STRICT_OBJC_MSGSEND = YES;
				ENABLE_TESTABILITY = YES;
				GCC_C_LANGUAGE_STANDARD = gnu99;
				GCC_DYNAMIC_NO_PIC = NO;
				GCC_NO_COMMON_BLOCKS = YES;
				GCC_OPTIMIZATION_LEVEL = 0;
				GCC_PREPROCESSOR_DEFINITIONS = (
					"DEBUG=1",
					"$(inherited)",
				);
				GCC_WARN_64_TO_32_BIT_CONVERSION = YES;
				GCC_WARN_ABOUT_RETURN_TYPE = YES_ERROR;
				GCC_WARN_UNDECLARED_SELECTOR = YES;
				GCC_WARN_UNINITIALIZED_AUTOS = YES_AGGRESSIVE;
				GCC_WARN_UNUSED_FUNCTION = YES;
				GCC_WARN_UNUSED_VARIABLE = YES;
				IPHONEOS_DEPLOYMENT_TARGET = 10.3;
				MTL_ENABLE_DEBUG_INFO = YES;
				ONLY_ACTIVE_ARCH = YES;
				SDKROOT = iphoneos;
			};
			name = Debug;
		};
		BE45D84B1F25BBAD00A4A802 /* Release */ = {
			isa = XCBuildConfiguration;
			buildSettings = {
				ALWAYS_SEARCH_USER_PATHS = NO;
				CLANG_ANALYZER_NONNULL = YES;
				CLANG_ANALYZER_NUMBER_OBJECT_CONVERSION = YES_AGGRESSIVE;
				CLANG_CXX_LANGUAGE_STANDARD = "gnu++0x";
				CLANG_CXX_LIBRARY = "libc++";
				CLANG_ENABLE_MODULES = YES;
				CLANG_ENABLE_OBJC_ARC = YES;
				CLANG_WARN_BOOL_CONVERSION = YES;
				CLANG_WARN_CONSTANT_CONVERSION = YES;
				CLANG_WARN_DIRECT_OBJC_ISA_USAGE = YES_ERROR;
				CLANG_WARN_DOCUMENTATION_COMMENTS = YES;
				CLANG_WARN_EMPTY_BODY = YES;
				CLANG_WARN_ENUM_CONVERSION = YES;
				CLANG_WARN_INFINITE_RECURSION = YES;
				CLANG_WARN_INT_CONVERSION = YES;
				CLANG_WARN_OBJC_ROOT_CLASS = YES_ERROR;
				CLANG_WARN_SUSPICIOUS_MOVE = YES;
				CLANG_WARN_UNREACHABLE_CODE = YES;
				CLANG_WARN__DUPLICATE_METHOD_MATCH = YES;
				"CODE_SIGN_IDENTITY[sdk=iphoneos*]" = "iPhone Developer";
				COPY_PHASE_STRIP = NO;
				DEBUG_INFORMATION_FORMAT = "dwarf-with-dsym";
				ENABLE_NS_ASSERTIONS = NO;
				ENABLE_STRICT_OBJC_MSGSEND = YES;
				GCC_C_LANGUAGE_STANDARD = gnu99;
				GCC_NO_COMMON_BLOCKS = YES;
				GCC_WARN_64_TO_32_BIT_CONVERSION = YES;
				GCC_WARN_ABOUT_RETURN_TYPE = YES_ERROR;
				GCC_WARN_UNDECLARED_SELECTOR = YES;
				GCC_WARN_UNINITIALIZED_AUTOS = YES_AGGRESSIVE;
				GCC_WARN_UNUSED_FUNCTION = YES;
				GCC_WARN_UNUSED_VARIABLE = YES;
				IPHONEOS_DEPLOYMENT_TARGET = 10.3;
				MTL_ENABLE_DEBUG_INFO = NO;
				SDKROOT = iphoneos;
				VALIDATE_PRODUCT = YES;
			};
			name = Release;
		};
		BE45D84D1F25BBAD00A4A802 /* Debug */ = {
			isa = XCBuildConfiguration;
			buildSettings = {
				ASSETCATALOG_COMPILER_APPICON_NAME = AppIcon;
				DEVELOPMENT_TEAM = 9G348MY82U;
				GCC_PREFIX_HEADER = "$(SRCROOT)/$(PRODUCT_NAME)/PrefixHeader.pch";
				INFOPLIST_FILE = demoPch/Info.plist;
				LD_RUNPATH_SEARCH_PATHS = "$(inherited) @executable_path/Frameworks";
				PRODUCT_BUNDLE_IDENTIFIER = idv.chx.demoPch;
				PRODUCT_NAME = "$(TARGET_NAME)";
			};
			name = Debug;
		};
		BE45D84E1F25BBAD00A4A802 /* Release */ = {
			isa = XCBuildConfiguration;
			buildSettings = {
				ASSETCATALOG_COMPILER_APPICON_NAME = AppIcon;
				DEVELOPMENT_TEAM = 9G348MY82U;
				GCC_PREFIX_HEADER = "$(SRCROOT)/$(PRODUCT_NAME)/PrefixHeader.pch";
				INFOPLIST_FILE = demoPch/Info.plist;
				LD_RUNPATH_SEARCH_PATHS = "$(inherited) @executable_path/Frameworks";
				PRODUCT_BUNDLE_IDENTIFIER = idv.chx.demoPch;
				PRODUCT_NAME = "$(TARGET_NAME)";
			};
			name = Release;
		};
/* End XCBuildConfiguration section */

/* Begin XCConfigurationList section */
		BE45D8301F25BBAD00A4A802 /* Build configuration list for PBXProject "demoPch" */ = {
			isa = XCConfigurationList;
			buildConfigurations = (
				BE45D84A1F25BBAD00A4A802 /* Debug */,
				BE45D84B1F25BBAD00A4A802 /* Release */,
			);
			defaultConfigurationIsVisible = 0;
			defaultConfigurationName = Release;
		};
		BE45D84C1F25BBAD00A4A802 /* Build configuration list for PBXNativeTarget "demoPch" */ = {
			isa = XCConfigurationList;
			buildConfigurations = (
				BE45D84D1F25BBAD00A4A802 /* Debug */,
				BE45D84E1F25BBAD00A4A802 /* Release */,
			);
			defaultConfigurationIsVisible = 0;
		};
/* End XCConfigurationList section */
	};
	rootObject = BE45D82D1F25BBAD00A4A802 /* Project object */;
}
